Microsoft Visual Studio Solution File, Format Version 9.00
# Visual Studio 2005
Project("{8BC9CEB8-8B4A-11D0-8D11-00A0C91BC942}") = "DPSDriver", "DPSModule\DPSDriver\DPSDriver.vcproj", "{CBB5D20D-D5A5-46D1-9CCF-956CB2C894F1}"
	ProjectSection(ProjectDependencies) = postProject
		{56DA7A51-973C-40D8-A535-2D7DDD5EBB20} = {56DA7A51-973C-40D8-A535-2D7DDD5EBB20}
		{9B6B855E-2A73-4DC7-8C87-A78E7EB28B18} = {9B6B855E-2A73-4DC7-8C87-A78E7EB28B18}
		{AF028A68-7E71-4CFA-A4B0-EC7D13CA3208} = {AF028A68-7E71-4CFA-A4B0-EC7D13CA3208}
		{F4508498-C3BB-4735-BBF8-DAD658EFD620} = {F4508498-C3BB-4735-BBF8-DAD658EFD620}
		{49114E9C-7232-4ED4-826E-DE54493A6BC8} = {49114E9C-7232-4ED4-826E-DE54493A6BC8}
		{84E5CBD3-93B8-42FE-B654-47ABE5CE902F} = {84E5CBD3-93B8-42FE-B654-47ABE5CE902F}
	EndProjectSection
EndProject
Project("{8BC9CEB8-8B4A-11D0-8D11-00A0C91BC942}") = "AC64DebugTool", "AC64Module\AC64DebugTool\AC64DebugTool\AC64DebugTool.vcproj", "{9FF322CA-A5DE-4D59-A5FB-1EEE109F1B28}"
	ProjectSection(ProjectDependencies) = postProject
		{8DA34B1D-CCB9-401E-BE72-84FC89240C13} = {8DA34B1D-CCB9-401E-BE72-84FC89240C13}
		{9B6B855E-2A73-4DC7-8C87-A78E7EB28B18} = {9B6B855E-2A73-4DC7-8C87-A78E7EB28B18}
		{AF028A68-7E71-4CFA-A4B0-EC7D13CA3208} = {AF028A68-7E71-4CFA-A4B0-EC7D13CA3208}
		{84E5CBD3-93B8-42FE-B654-47ABE5CE902F} = {84E5CBD3-93B8-42FE-B654-47ABE5CE902F}
	EndProjectSection
EndProject
Project("{8BC9CEB8-8B4A-11D0-8D11-00A0C91BC942}") = "AC64Dll", "AC64Module\AC64Dll\AC64Dll\AC64Dll.vcproj", "{8DA34B1D-CCB9-401E-BE72-84FC89240C13}"
	ProjectSection(ProjectDependencies) = postProject
		{56DA7A51-973C-40D8-A535-2D7DDD5EBB20} = {56DA7A51-973C-40D8-A535-2D7DDD5EBB20}
		{9B6B855E-2A73-4DC7-8C87-A78E7EB28B18} = {9B6B855E-2A73-4DC7-8C87-A78E7EB28B18}
		{AF028A68-7E71-4CFA-A4B0-EC7D13CA3208} = {AF028A68-7E71-4CFA-A4B0-EC7D13CA3208}
		{84E5CBD3-93B8-42FE-B654-47ABE5CE902F} = {84E5CBD3-93B8-42FE-B654-47ABE5CE902F}
	EndProjectSection
EndProject
Project("{8BC9CEB8-8B4A-11D0-8D11-00A0C91BC942}") = "ACDiagDll", "AC64Module\ACDiagDll\ACDiagDll\ACDiagDll.vcproj", "{0DC3D689-1653-4564-8C4C-3D520FFC4CE6}"
EndProject
Project("{8BC9CEB8-8B4A-11D0-8D11-00A0C91BC942}") = "patnComp", "AC64Module\PatnCompiler\patnComp.vcproj", "{4B805DAA-5097-478C-9C93-1DFECFB9DE92}"
EndProject
Project("{8BC9CEB8-8B4A-11D0-8D11-00A0C91BC942}") = "ActiveSiteShareDll", "ActiveSiteShareDll\ActiveSiteShareDll.vcproj", "{68F8E34E-D313-45D3-8E08-4E4A2B639603}"
EndProject
Project("{8BC9CEB8-8B4A-11D0-8D11-00A0C91BC942}") = "DCCaliFunBaseDll", "DCCaliFunBaseDll\DCCaliFunBaseDll\DCCaliFunBaseDll.vcproj", "{61E124FF-4005-4B9B-BF7E-6EEDB3C5118C}"
	ProjectSection(ProjectDependencies) = postProject
		{68F8E34E-D313-45D3-8E08-4E4A2B639603} = {68F8E34E-D313-45D3-8E08-4E4A2B639603}
		{AF028A68-7E71-4CFA-A4B0-EC7D13CA3208} = {AF028A68-7E71-4CFA-A4B0-EC7D13CA3208}
		{2958B175-7828-430C-BC00-5ED326213020} = {2958B175-7828-430C-BC00-5ED326213020}
		{E38235A7-6509-4432-BD76-78A83101C349} = {E38235A7-6509-4432-BD76-78A83101C349}
		{84E5CBD3-93B8-42FE-B654-47ABE5CE902F} = {84E5CBD3-93B8-42FE-B654-47ABE5CE902F}
		{1BED25E7-23F4-4DC5-BB72-9045304F05C5} = {1BED25E7-23F4-4DC5-BB72-9045304F05C5}
	EndProjectSection
EndProject
Project("{8BC9CEB8-8B4A-11D0-8D11-00A0C91BC942}") = "DCCaliURCtrlDll", "DCCaliURCtrlDll\DCCaliURCtrlDll\DCCaliURCtrlDll.vcproj", "{2958B175-7828-430C-BC00-5ED326213020}"
	ProjectSection(ProjectDependencies) = postProject
		{3588B117-2E9C-4B69-AFF1-09170B2C54A9} = {3588B117-2E9C-4B69-AFF1-09170B2C54A9}
		{AF028A68-7E71-4CFA-A4B0-EC7D13CA3208} = {AF028A68-7E71-4CFA-A4B0-EC7D13CA3208}
		{84E5CBD3-93B8-42FE-B654-47ABE5CE902F} = {84E5CBD3-93B8-42FE-B654-47ABE5CE902F}
	EndProjectSection
EndProject
Project("{8BC9CEB8-8B4A-11D0-8D11-00A0C91BC942}") = "DCeePromFunBaseDll", "DCeePromFunBaseDll\DCeePromFunBaseDll\DCeePromFunBaseDll.vcproj", "{F4508498-C3BB-4735-BBF8-DAD658EFD620}"
	ProjectSection(ProjectDependencies) = postProject
		{9B6B855E-2A73-4DC7-8C87-A78E7EB28B18} = {9B6B855E-2A73-4DC7-8C87-A78E7EB28B18}
	EndProjectSection
EndProject
Project("{8BC9CEB8-8B4A-11D0-8D11-00A0C91BC942}") = "MYUTIL", "MyUti\MYUTIL.vcproj", "{EE329AFA-FB3D-4FF9-8306-B6A4C3BDD261}"
EndProject
Project("{8BC9CEB8-8B4A-11D0-8D11-00A0C91BC942}") = "PciDll", "PciDll\PciDll\PciDll.vcproj", "{AF028A68-7E71-4CFA-A4B0-EC7D13CA3208}"
EndProject
Project("{8BC9CEB8-8B4A-11D0-8D11-00A0C91BC942}") = "PciinfDll", "PciinfDll\PciinfDll\PciinfDll.vcproj", "{9B6B855E-2A73-4DC7-8C87-A78E7EB28B18}"
	ProjectSection(ProjectDependencies) = postProject
		{AF028A68-7E71-4CFA-A4B0-EC7D13CA3208} = {AF028A68-7E71-4CFA-A4B0-EC7D13CA3208}
	EndProjectSection
EndProject
Project("{8BC9CEB8-8B4A-11D0-8D11-00A0C91BC942}") = "PinDLL", "PinDLL\PinDLL.vcproj", "{84E5CBD3-93B8-42FE-B654-47ABE5CE902F}"
	ProjectSection(ProjectDependencies) = postProject
		{68F8E34E-D313-45D3-8E08-4E4A2B639603} = {68F8E34E-D313-45D3-8E08-4E4A2B639603}
	EndProjectSection
EndProject
Project("{8BC9CEB8-8B4A-11D0-8D11-00A0C91BC942}") = "AC64AutoCaliDll", "Pmu\AC64AutoCaliDll\AC64AutoCaliDll.vcproj", "{F471D951-B21B-4740-8F29-4073D6FA0A42}"
	ProjectSection(ProjectDependencies) = postProject
		{8DA34B1D-CCB9-401E-BE72-84FC89240C13} = {8DA34B1D-CCB9-401E-BE72-84FC89240C13}
		{9B6B855E-2A73-4DC7-8C87-A78E7EB28B18} = {9B6B855E-2A73-4DC7-8C87-A78E7EB28B18}
		{AF028A68-7E71-4CFA-A4B0-EC7D13CA3208} = {AF028A68-7E71-4CFA-A4B0-EC7D13CA3208}
		{BEEFE691-B361-4298-B850-9348C5E84A0B} = {BEEFE691-B361-4298-B850-9348C5E84A0B}
		{E38235A7-6509-4432-BD76-78A83101C349} = {E38235A7-6509-4432-BD76-78A83101C349}
		{F6A063CF-9AD7-4F1B-88C0-E7C8ADC433F0} = {F6A063CF-9AD7-4F1B-88C0-E7C8ADC433F0}
		{1BED25E7-23F4-4DC5-BB72-9045304F05C5} = {1BED25E7-23F4-4DC5-BB72-9045304F05C5}
	EndProjectSection
EndProject
Project("{8BC9CEB8-8B4A-11D0-8D11-00A0C91BC942}") = "AcDiagBrdCtrl", "Pmu\AcDiagBrdCtrl\AcDiagBrdCtrl.vcproj", "{1BED25E7-23F4-4DC5-BB72-9045304F05C5}"
	ProjectSection(ProjectDependencies) = postProject
		{9B6B855E-2A73-4DC7-8C87-A78E7EB28B18} = {9B6B855E-2A73-4DC7-8C87-A78E7EB28B18}
		{AF028A68-7E71-4CFA-A4B0-EC7D13CA3208} = {AF028A68-7E71-4CFA-A4B0-EC7D13CA3208}
		{F6A063CF-9AD7-4F1B-88C0-E7C8ADC433F0} = {F6A063CF-9AD7-4F1B-88C0-E7C8ADC433F0}
		{84E5CBD3-93B8-42FE-B654-47ABE5CE902F} = {84E5CBD3-93B8-42FE-B654-47ABE5CE902F}
	EndProjectSection
EndProject
Project("{8BC9CEB8-8B4A-11D0-8D11-00A0C91BC942}") = "PmuApi", "Pmu\PmuApi\PmuApi.vcproj", "{1126E1C8-CED2-48CF-8259-122AAD21C226}"
	ProjectSection(ProjectDependencies) = postProject
		{68F8E34E-D313-45D3-8E08-4E4A2B639603} = {68F8E34E-D313-45D3-8E08-4E4A2B639603}
		{F471D951-B21B-4740-8F29-4073D6FA0A42} = {F471D951-B21B-4740-8F29-4073D6FA0A42}
		{9B6B855E-2A73-4DC7-8C87-A78E7EB28B18} = {9B6B855E-2A73-4DC7-8C87-A78E7EB28B18}
		{F6A063CF-9AD7-4F1B-88C0-E7C8ADC433F0} = {F6A063CF-9AD7-4F1B-88C0-E7C8ADC433F0}
		{84E5CBD3-93B8-42FE-B654-47ABE5CE902F} = {84E5CBD3-93B8-42FE-B654-47ABE5CE902F}
	EndProjectSection
EndProject
Project("{8BC9CEB8-8B4A-11D0-8D11-00A0C91BC942}") = "PmuDebugTool", "Pmu\PmuDebugTool\PmuDebugTool.vcproj", "{734D8B15-181F-4C75-A570-A6F0086025DE}"
	ProjectSection(ProjectDependencies) = postProject
		{68F8E34E-D313-45D3-8E08-4E4A2B639603} = {68F8E34E-D313-45D3-8E08-4E4A2B639603}
		{F471D951-B21B-4740-8F29-4073D6FA0A42} = {F471D951-B21B-4740-8F29-4073D6FA0A42}
		{1126E1C8-CED2-48CF-8259-122AAD21C226} = {1126E1C8-CED2-48CF-8259-122AAD21C226}
		{F6A063CF-9AD7-4F1B-88C0-E7C8ADC433F0} = {F6A063CF-9AD7-4F1B-88C0-E7C8ADC433F0}
		{84E5CBD3-93B8-42FE-B654-47ABE5CE902F} = {84E5CBD3-93B8-42FE-B654-47ABE5CE902F}
		{4B2424E2-012E-4ECC-80AA-654B329B9096} = {4B2424E2-012E-4ECC-80AA-654B329B9096}
	EndProjectSection
EndProject
Project("{8BC9CEB8-8B4A-11D0-8D11-00A0C91BC942}") = "PmuDiagDll", "Pmu\PmuDiagDll\PmuDiagDll.vcproj", "{4B2424E2-012E-4ECC-80AA-654B329B9096}"
	ProjectSection(ProjectDependencies) = postProject
		{56DA7A51-973C-40D8-A535-2D7DDD5EBB20} = {56DA7A51-973C-40D8-A535-2D7DDD5EBB20}
		{F471D951-B21B-4740-8F29-4073D6FA0A42} = {F471D951-B21B-4740-8F29-4073D6FA0A42}
		{9B6B855E-2A73-4DC7-8C87-A78E7EB28B18} = {9B6B855E-2A73-4DC7-8C87-A78E7EB28B18}
		{AF028A68-7E71-4CFA-A4B0-EC7D13CA3208} = {AF028A68-7E71-4CFA-A4B0-EC7D13CA3208}
		{1126E1C8-CED2-48CF-8259-122AAD21C226} = {1126E1C8-CED2-48CF-8259-122AAD21C226}
		{F6A063CF-9AD7-4F1B-88C0-E7C8ADC433F0} = {F6A063CF-9AD7-4F1B-88C0-E7C8ADC433F0}
		{1BED25E7-23F4-4DC5-BB72-9045304F05C5} = {1BED25E7-23F4-4DC5-BB72-9045304F05C5}
	EndProjectSection
EndProject
Project("{8BC9CEB8-8B4A-11D0-8D11-00A0C91BC942}") = "PmuDll", "Pmu\PmuDll\PmuDll.vcproj", "{F6A063CF-9AD7-4F1B-88C0-E7C8ADC433F0}"
	ProjectSection(ProjectDependencies) = postProject
		{8DA34B1D-CCB9-401E-BE72-84FC89240C13} = {8DA34B1D-CCB9-401E-BE72-84FC89240C13}
		{9B6B855E-2A73-4DC7-8C87-A78E7EB28B18} = {9B6B855E-2A73-4DC7-8C87-A78E7EB28B18}
		{AF028A68-7E71-4CFA-A4B0-EC7D13CA3208} = {AF028A68-7E71-4CFA-A4B0-EC7D13CA3208}
	EndProjectSection
EndProject
Project("{8BC9CEB8-8B4A-11D0-8D11-00A0C91BC942}") = "PmuEepromDll", "Pmu\PmuEepromDll\PmuEepromDll.vcproj", "{BEEFE691-B361-4298-B850-9348C5E84A0B}"
	ProjectSection(ProjectDependencies) = postProject
		{68F8E34E-D313-45D3-8E08-4E4A2B639603} = {68F8E34E-D313-45D3-8E08-4E4A2B639603}
		{9B6B855E-2A73-4DC7-8C87-A78E7EB28B18} = {9B6B855E-2A73-4DC7-8C87-A78E7EB28B18}
		{AF028A68-7E71-4CFA-A4B0-EC7D13CA3208} = {AF028A68-7E71-4CFA-A4B0-EC7D13CA3208}
		{F4508498-C3BB-4735-BBF8-DAD658EFD620} = {F4508498-C3BB-4735-BBF8-DAD658EFD620}
	EndProjectSection
EndProject
Project("{8BC9CEB8-8B4A-11D0-8D11-00A0C91BC942}") = "ShmooTool", "ShmooTool\ShmooTool\ShmooTool.vcproj", "{CCC966E8-9F8A-4C36-B2DA-89EDBBB2BA3E}"
	ProjectSection(ProjectDependencies) = postProject
		{8DA34B1D-CCB9-401E-BE72-84FC89240C13} = {8DA34B1D-CCB9-401E-BE72-84FC89240C13}
		{68F8E34E-D313-45D3-8E08-4E4A2B639603} = {68F8E34E-D313-45D3-8E08-4E4A2B639603}
		{AF028A68-7E71-4CFA-A4B0-EC7D13CA3208} = {AF028A68-7E71-4CFA-A4B0-EC7D13CA3208}
		{E297E5C6-7DD6-4F3C-840C-2E42E4C15F70} = {E297E5C6-7DD6-4F3C-840C-2E42E4C15F70}
		{1126E1C8-CED2-48CF-8259-122AAD21C226} = {1126E1C8-CED2-48CF-8259-122AAD21C226}
		{84E5CBD3-93B8-42FE-B654-47ABE5CE902F} = {84E5CBD3-93B8-42FE-B654-47ABE5CE902F}
		{EC14FEF0-6C80-41A5-868E-BF5E6AFD153E} = {EC14FEF0-6C80-41A5-868E-BF5E6AFD153E}
	EndProjectSection
EndProject
Project("{8BC9CEB8-8B4A-11D0-8D11-00A0C91BC942}") = "SPCTool", "SPCTool\SPCTool.vcproj", "{BBAFB034-71B9-4480-A346-BDC2C3F93AFD}"
EndProject
Project("{8BC9CEB8-8B4A-11D0-8D11-00A0C91BC942}") = "TR6850ExportFun", "TR6850ExportFun\TR6850ExportFun.vcproj", "{56DA7A51-973C-40D8-A535-2D7DDD5EBB20}"
	ProjectSection(ProjectDependencies) = postProject
		{2BF57A29-C564-4F65-A68C-3485BBF1147B} = {2BF57A29-C564-4F65-A68C-3485BBF1147B}
		{9B6B855E-2A73-4DC7-8C87-A78E7EB28B18} = {9B6B855E-2A73-4DC7-8C87-A78E7EB28B18}
		{84E5CBD3-93B8-42FE-B654-47ABE5CE902F} = {84E5CBD3-93B8-42FE-B654-47ABE5CE902F}
	EndProjectSection
EndProject
Project("{8BC9CEB8-8B4A-11D0-8D11-00A0C91BC942}") = "DVMCtrlDll", "DVMCtrlDll\DVMCtrlDll\DVMCtrlDll.vcproj", "{E38235A7-6509-4432-BD76-78A83101C349}"
	ProjectSection(ProjectDependencies) = postProject
		{AF028A68-7E71-4CFA-A4B0-EC7D13CA3208} = {AF028A68-7E71-4CFA-A4B0-EC7D13CA3208}
	EndProjectSection
EndProject
Project("{8BC9CEB8-8B4A-11D0-8D11-00A0C91BC942}") = "DPSCaliDll", "DPSModule\DPSCaliDll\DPSCaliDll.vcproj", "{E91AA0DB-4863-4984-AF75-B6F59A01EDF9}"
EndProject
Project("{8BC9CEB8-8B4A-11D0-8D11-00A0C91BC942}") = "DPSDiag", "DPSModule\DPSDiag\DPSDiag.vcproj", "{593EAFE2-8C99-4604-B2F3-C1537D6566B4}"
EndProject
Project("{8BC9CEB8-8B4A-11D0-8D11-00A0C91BC942}") = "DPSeePromDll", "DPSModule\DPSeePromDll\DPSeePromDll.vcproj", "{49114E9C-7232-4ED4-826E-DE54493A6BC8}"
	ProjectSection(ProjectDependencies) = postProject
		{AF028A68-7E71-4CFA-A4B0-EC7D13CA3208} = {AF028A68-7E71-4CFA-A4B0-EC7D13CA3208}
		{F4508498-C3BB-4735-BBF8-DAD658EFD620} = {F4508498-C3BB-4735-BBF8-DAD658EFD620}
	EndProjectSection
EndProject
Project("{8BC9CEB8-8B4A-11D0-8D11-00A0C91BC942}") = "Configure", "URModule\UrDLL\Configure\Configure\Configure.vcproj", "{913A67D0-07A8-4271-AA84-A254F7167E51}"
	ProjectSection(ProjectDependencies) = postProject
		{AF028A68-7E71-4CFA-A4B0-EC7D13CA3208} = {AF028A68-7E71-4CFA-A4B0-EC7D13CA3208}
	EndProjectSection
EndProject
Project("{8BC9CEB8-8B4A-11D0-8D11-00A0C91BC942}") = "URDriver", "URModule\UrDLL\URDriver\URDriver\URDriver.vcproj", "{6A7B1EC6-795E-4BAE-8B42-8D218B6F752B}"
	ProjectSection(ProjectDependencies) = postProject
		{AF028A68-7E71-4CFA-A4B0-EC7D13CA3208} = {AF028A68-7E71-4CFA-A4B0-EC7D13CA3208}
		{913A67D0-07A8-4271-AA84-A254F7167E51} = {913A67D0-07A8-4271-AA84-A254F7167E51}
	EndProjectSection
EndProject
Project("{8BC9CEB8-8B4A-11D0-8D11-00A0C91BC942}") = "URUserDll", "URModule\UrDLL\URUserDll\URUserDll\URUserDll.vcproj", "{3588B117-2E9C-4B69-AFF1-09170B2C54A9}"
	ProjectSection(ProjectDependencies) = postProject
		{6A7B1EC6-795E-4BAE-8B42-8D218B6F752B} = {6A7B1EC6-795E-4BAE-8B42-8D218B6F752B}
		{84E5CBD3-93B8-42FE-B654-47ABE5CE902F} = {84E5CBD3-93B8-42FE-B654-47ABE5CE902F}
	EndProjectSection
EndProject
Project("{8BC9CEB8-8B4A-11D0-8D11-00A0C91BC942}") = "URDebugTool", "URModule\URDebugTool\URDebugTool.vcproj", "{6DC07689-98C3-4487-B988-966B98766162}"
	ProjectSection(ProjectDependencies) = postProject
		{3588B117-2E9C-4B69-AFF1-09170B2C54A9} = {3588B117-2E9C-4B69-AFF1-09170B2C54A9}
		{9B6B855E-2A73-4DC7-8C87-A78E7EB28B18} = {9B6B855E-2A73-4DC7-8C87-A78E7EB28B18}
		{AF028A68-7E71-4CFA-A4B0-EC7D13CA3208} = {AF028A68-7E71-4CFA-A4B0-EC7D13CA3208}
	EndProjectSection
EndProject
Project("{8BC9CEB8-8B4A-11D0-8D11-00A0C91BC942}") = "DPSDebugTool", "DPSModule\DPSDebugTool\DPSDebugTool.vcproj", "{0027C6B6-1602-483B-9AD1-81180F085039}"
EndProject
Project("{8BC9CEB8-8B4A-11D0-8D11-00A0C91BC942}") = "OVCCaliDll", "OVC_MFC_ALL\OVCCaliDll\OVCCaliDll\OVCCaliDll.vcproj", "{16D5A808-495A-4810-BCE6-3DA623D42FB7}"
	ProjectSection(ProjectDependencies) = postProject
		{AF028A68-7E71-4CFA-A4B0-EC7D13CA3208} = {AF028A68-7E71-4CFA-A4B0-EC7D13CA3208}
		{3C6FDE6E-1829-4F42-AC1C-76FEA052DBDD} = {3C6FDE6E-1829-4F42-AC1C-76FEA052DBDD}
		{F4508498-C3BB-4735-BBF8-DAD658EFD620} = {F4508498-C3BB-4735-BBF8-DAD658EFD620}
		{E38235A7-6509-4432-BD76-78A83101C349} = {E38235A7-6509-4432-BD76-78A83101C349}
		{84E5CBD3-93B8-42FE-B654-47ABE5CE902F} = {84E5CBD3-93B8-42FE-B654-47ABE5CE902F}
		{51900FF0-B4D2-4E47-A787-F7779AF85A5F} = {51900FF0-B4D2-4E47-A787-F7779AF85A5F}
		{EC14FEF0-6C80-41A5-868E-BF5E6AFD153E} = {EC14FEF0-6C80-41A5-868E-BF5E6AFD153E}
		{61E124FF-4005-4B9B-BF7E-6EEDB3C5118C} = {61E124FF-4005-4B9B-BF7E-6EEDB3C5118C}
	EndProjectSection
EndProject
Project("{8BC9CEB8-8B4A-11D0-8D11-00A0C91BC942}") = "OVCDriver", "OVC_MFC_ALL\OVCDriver\OVCDriver\OVCDriver.vcproj", "{E297E5C6-7DD6-4F3C-840C-2E42E4C15F70}"
	ProjectSection(ProjectDependencies) = postProject
		{56DA7A51-973C-40D8-A535-2D7DDD5EBB20} = {56DA7A51-973C-40D8-A535-2D7DDD5EBB20}
		{AF028A68-7E71-4CFA-A4B0-EC7D13CA3208} = {AF028A68-7E71-4CFA-A4B0-EC7D13CA3208}
		{3C6FDE6E-1829-4F42-AC1C-76FEA052DBDD} = {3C6FDE6E-1829-4F42-AC1C-76FEA052DBDD}
		{F4508498-C3BB-4735-BBF8-DAD658EFD620} = {F4508498-C3BB-4735-BBF8-DAD658EFD620}
	EndProjectSection
EndProject
Project("{8BC9CEB8-8B4A-11D0-8D11-00A0C91BC942}") = "OVCeePromDll", "OVC_MFC_ALL\OVCeePromDll\OVCeePromDll\OVCeePromDll.vcproj", "{3C6FDE6E-1829-4F42-AC1C-76FEA052DBDD}"
	ProjectSection(ProjectDependencies) = postProject
		{AF028A68-7E71-4CFA-A4B0-EC7D13CA3208} = {AF028A68-7E71-4CFA-A4B0-EC7D13CA3208}
		{F4508498-C3BB-4735-BBF8-DAD658EFD620} = {F4508498-C3BB-4735-BBF8-DAD658EFD620}
		{51900FF0-B4D2-4E47-A787-F7779AF85A5F} = {51900FF0-B4D2-4E47-A787-F7779AF85A5F}
	EndProjectSection
EndProject
Project("{8BC9CEB8-8B4A-11D0-8D11-00A0C91BC942}") = "OVCModuleInfo", "OVC_MFC_ALL\OVCModuleInfo\OVCModuleInfo\OVCModuleInfo.vcproj", "{51900FF0-B4D2-4E47-A787-F7779AF85A5F}"
EndProject
Project("{8BC9CEB8-8B4A-11D0-8D11-00A0C91BC942}") = "OVCTool", "OVC_MFC_ALL\OVCTool\OVCTool\OVCTool.vcproj", "{A22A9733-70C7-4E40-A9A4-D1D5FCC527AF}"
	ProjectSection(ProjectDependencies) = postProject
		{9B6B855E-2A73-4DC7-8C87-A78E7EB28B18} = {9B6B855E-2A73-4DC7-8C87-A78E7EB28B18}
		{AF028A68-7E71-4CFA-A4B0-EC7D13CA3208} = {AF028A68-7E71-4CFA-A4B0-EC7D13CA3208}
		{3C6FDE6E-1829-4F42-AC1C-76FEA052DBDD} = {3C6FDE6E-1829-4F42-AC1C-76FEA052DBDD}
		{F4508498-C3BB-4735-BBF8-DAD658EFD620} = {F4508498-C3BB-4735-BBF8-DAD658EFD620}
		{E297E5C6-7DD6-4F3C-840C-2E42E4C15F70} = {E297E5C6-7DD6-4F3C-840C-2E42E4C15F70}
		{84E5CBD3-93B8-42FE-B654-47ABE5CE902F} = {84E5CBD3-93B8-42FE-B654-47ABE5CE902F}
		{EE329AFA-FB3D-4FF9-8306-B6A4C3BDD261} = {EE329AFA-FB3D-4FF9-8306-B6A4C3BDD261}
	EndProjectSection
EndProject
Project("{8BC9CEB8-8B4A-11D0-8D11-00A0C91BC942}") = "OVCUserDll", "OVC_MFC_ALL\OVCUserDll\OVCUserDll\OVCUserDll.vcproj", "{EC14FEF0-6C80-41A5-868E-BF5E6AFD153E}"
	ProjectSection(ProjectDependencies) = postProject
		{3C6FDE6E-1829-4F42-AC1C-76FEA052DBDD} = {3C6FDE6E-1829-4F42-AC1C-76FEA052DBDD}
		{F4508498-C3BB-4735-BBF8-DAD658EFD620} = {F4508498-C3BB-4735-BBF8-DAD658EFD620}
		{E297E5C6-7DD6-4F3C-840C-2E42E4C15F70} = {E297E5C6-7DD6-4F3C-840C-2E42E4C15F70}
		{84E5CBD3-93B8-42FE-B654-47ABE5CE902F} = {84E5CBD3-93B8-42FE-B654-47ABE5CE902F}
	EndProjectSection
EndProject
Project("{8BC9CEB8-8B4A-11D0-8D11-00A0C91BC942}") = "DvmDll", "DVMModule\DvmDriver\DvmDriver\DvmDriver.vcproj", "{D7E2F053-58BE-4FBB-B839-18D12C450B1D}"
EndProject
Project("{8BC9CEB8-8B4A-11D0-8D11-00A0C91BC942}") = "DVMeePromDll", "DVMModule\DVMeePromDll\DVMeePromDll.vcproj", "{CD967F69-9E08-4ACC-959F-910F72734EC6}"
EndProject
Project("{8BC9CEB8-8B4A-11D0-8D11-00A0C91BC942}") = "OVCDiagDLL", "OVCDiagDLL\OVCDiagDLL.vcproj", "{39E394CC-10F8-49C6-B3C0-35CD8A2A6911}"
	ProjectSection(ProjectDependencies) = postProject
		{3588B117-2E9C-4B69-AFF1-09170B2C54A9} = {3588B117-2E9C-4B69-AFF1-09170B2C54A9}
		{56DA7A51-973C-40D8-A535-2D7DDD5EBB20} = {56DA7A51-973C-40D8-A535-2D7DDD5EBB20}
		{84E5CBD3-93B8-42FE-B654-47ABE5CE902F} = {84E5CBD3-93B8-42FE-B654-47ABE5CE902F}
		{EC14FEF0-6C80-41A5-868E-BF5E6AFD153E} = {EC14FEF0-6C80-41A5-868E-BF5E6AFD153E}
	EndProjectSection
EndProject
Project("{8BC9CEB8-8B4A-11D0-8D11-00A0C91BC942}") = "DVMCaliDll", "DVMModule\DVMCaliDll\DVMCaliDll.vcproj", "{D7925676-595C-44A3-8B07-836BF61AF95B}"
EndProject
Project("{8BC9CEB8-8B4A-11D0-8D11-00A0C91BC942}") = "DVMDebugTool", "DVMModule\DVMDebugTool\DVMDebugTool.vcproj", "{9A51733D-4B2A-4EB5-B7DD-137A2D70C3C2}"
EndProject
Project("{8BC9CEB8-8B4A-11D0-8D11-00A0C91BC942}") = "PinMarginTool", "PinMarginTool\PinMarginTool.vcproj", "{5D10C4BD-B703-44EE-958C-E7CAE97D5A0D}"
EndProject
Project("{8BC9CEB8-8B4A-11D0-8D11-00A0C91BC942}") = "LogicWaveformTool", "LogicWaveformTool\LOGICWAVEFORMTOOL\LogicWaveformTool.vcproj", "{951C03B7-DFD9-4BF6-BA97-C53DC928EC69}"
EndProject
Project("{8BC9CEB8-8B4A-11D0-8D11-00A0C91BC942}") = "VCEdit", "VCEdit\VCEdit.vcproj", "{1B0671DB-4E87-484B-A7CD-7934637ACC86}"
EndProject
Project("{8BC9CEB8-8B4A-11D0-8D11-00A0C91BC942}") = "Ramp8CaliDll", "Ramp8Module\Ramp8CaliDll\Ramp8CaliDll.vcproj", "{4C2C0911-2C46-4544-87AB-8499A3C5469D}"
EndProject
Project("{8BC9CEB8-8B4A-11D0-8D11-00A0C91BC942}") = "Ramp8DiagDll", "Ramp8Module\Ramp8DiagDll\Ramp8DiagDll.vcproj", "{B589DE4E-5A39-40EF-83CD-509D605B08F8}"
EndProject
Project("{8BC9CEB8-8B4A-11D0-8D11-00A0C91BC942}") = "Ramp8Dll", "Ramp8Module\Ramp8Dll\Ramp8Dll.vcproj", "{34AFC592-E499-47C6-A35D-0794320F4B87}"
EndProject
Project("{8BC9CEB8-8B4A-11D0-8D11-00A0C91BC942}") = "Ramp8FlashFunDll", "Ramp8Module\Ramp8FlashFunDll\Ramp8FlashFunDll.vcproj", "{D8852C5A-7051-416E-BF79-7189E6220E66}"
EndProject
Project("{8BC9CEB8-8B4A-11D0-8D11-00A0C91BC942}") = "RampOctaveDebugTool", "Ramp8Module\RampOctaveDebugTool\RampOctaveDebugTool.vcproj", "{194CF999-375B-4256-8D30-E6E1F5836D63}"
EndProject
Project("{8BC9CEB8-8B4A-11D0-8D11-00A0C91BC942}") = "TesterUserAPI", "TesterUserAPI\TesterUserAPI.vcproj", "{1547FC6B-A2DA-4F46-9AAB-BC1F96361C4A}"
EndProject
Project("{8BC9CEB8-8B4A-11D0-8D11-00A0C91BC942}") = "CPlotXYMDI", "CPLOTXYMDI\CPlotXYMDI.vcproj", "{2BF57A29-C564-4F65-A68C-3485BBF1147B}"
EndProject
Project("{8BC9CEB8-8B4A-11D0-8D11-00A0C91BC942}") = "NewAC64Dll", "NewAC64Module\Driver\NewAC64Dll\NewAC64Dll.vcproj", "{C359C338-0C2B-4105-A7C5-2FF6CB6CDBD4}"
EndProject
Project("{8BC9CEB8-8B4A-11D0-8D11-00A0C91BC942}") = "NewAC64TestTool", "NewAC64Module\Tools\NewAC64TestTool\NewAC64TestTool.vcproj", "{8CCD5519-D1E6-454E-BBDA-B59F0DC2280E}"
EndProject
Global
	GlobalSection(SolutionConfigurationPlatforms) = preSolution
		Debug|Win32 = Debug|Win32
		Release|Win32 = Release|Win32
	EndGlobalSection
	GlobalSection(ProjectConfigurationPlatforms) = postSolution
		{CBB5D20D-D5A5-46D1-9CCF-956CB2C894F1}.Debug|Win32.ActiveCfg = Debug|Win32
		{CBB5D20D-D5A5-46D1-9CCF-956CB2C894F1}.Debug|Win32.Build.0 = Debug|Win32
		{CBB5D20D-D5A5-46D1-9CCF-956CB2C894F1}.Release|Win32.ActiveCfg = Release|Win32
		{CBB5D20D-D5A5-46D1-9CCF-956CB2C894F1}.Release|Win32.Build.0 = Release|Win32
		{9FF322CA-A5DE-4D59-A5FB-1EEE109F1B28}.Debug|Win32.ActiveCfg = Debug|Win32
		{9FF322CA-A5DE-4D59-A5FB-1EEE109F1B28}.Debug|Win32.Build.0 = Debug|Win32
		{9FF322CA-A5DE-4D59-A5FB-1EEE109F1B28}.Release|Win32.ActiveCfg = Release|Win32
		{9FF322CA-A5DE-4D59-A5FB-1EEE109F1B28}.Release|Win32.Build.0 = Release|Win32
		{8DA34B1D-CCB9-401E-BE72-84FC89240C13}.Debug|Win32.ActiveCfg = Debug|Win32
		{8DA34B1D-CCB9-401E-BE72-84FC89240C13}.Debug|Win32.Build.0 = Debug|Win32
		{8DA34B1D-CCB9-401E-BE72-84FC89240C13}.Release|Win32.ActiveCfg = Release|Win32
		{8DA34B1D-CCB9-401E-BE72-84FC89240C13}.Release|Win32.Build.0 = Release|Win32
		{0DC3D689-1653-4564-8C4C-3D520FFC4CE6}.Debug|Win32.ActiveCfg = Debug|Win32
		{0DC3D689-1653-4564-8C4C-3D520FFC4CE6}.Debug|Win32.Build.0 = Debug|Win32
		{0DC3D689-1653-4564-8C4C-3D520FFC4CE6}.Release|Win32.ActiveCfg = Release|Win32
		{0DC3D689-1653-4564-8C4C-3D520FFC4CE6}.Release|Win32.Build.0 = Release|Win32
		{4B805DAA-5097-478C-9C93-1DFECFB9DE92}.Debug|Win32.ActiveCfg = Debug|Win32
		{4B805DAA-5097-478C-9C93-1DFECFB9DE92}.Debug|Win32.Build.0 = Debug|Win32
		{4B805DAA-5097-478C-9C93-1DFECFB9DE92}.Release|Win32.ActiveCfg = Release|Win32
		{4B805DAA-5097-478C-9C93-1DFECFB9DE92}.Release|Win32.Build.0 = Release|Win32
		{68F8E34E-D313-45D3-8E08-4E4A2B639603}.Debug|Win32.ActiveCfg = Debug|Win32
		{68F8E34E-D313-45D3-8E08-4E4A2B639603}.Debug|Win32.Build.0 = Debug|Win32
		{68F8E34E-D313-45D3-8E08-4E4A2B639603}.Release|Win32.ActiveCfg = Release|Win32
		{68F8E34E-D313-45D3-8E08-4E4A2B639603}.Release|Win32.Build.0 = Release|Win32
		{61E124FF-4005-4B9B-BF7E-6EEDB3C5118C}.Debug|Win32.ActiveCfg = Debug|Win32
		{61E124FF-4005-4B9B-BF7E-6EEDB3C5118C}.Debug|Win32.Build.0 = Debug|Win32
		{61E124FF-4005-4B9B-BF7E-6EEDB3C5118C}.Release|Win32.ActiveCfg = Release|Win32
		{61E124FF-4005-4B9B-BF7E-6EEDB3C5118C}.Release|Win32.Build.0 = Release|Win32
		{2958B175-7828-430C-BC00-5ED326213020}.Debug|Win32.ActiveCfg = Debug|Win32
		{2958B175-7828-430C-BC00-5ED326213020}.Debug|Win32.Build.0 = Debug|Win32
		{2958B175-7828-430C-BC00-5ED326213020}.Release|Win32.ActiveCfg = Release|Win32
		{2958B175-7828-430C-BC00-5ED326213020}.Release|Win32.Build.0 = Release|Win32
		{F4508498-C3BB-4735-BBF8-DAD658EFD620}.Debug|Win32.ActiveCfg = Debug|Win32
		{F4508498-C3BB-4735-BBF8-DAD658EFD620}.Debug|Win32.Build.0 = Debug|Win32
		{F4508498-C3BB-4735-BBF8-DAD658EFD620}.Release|Win32.ActiveCfg = Release|Win32
		{F4508498-C3BB-4735-BBF8-DAD658EFD620}.Release|Win32.Build.0 = Release|Win32
		{EE329AFA-FB3D-4FF9-8306-B6A4C3BDD261}.Debug|Win32.ActiveCfg = Debug|Win32
		{EE329AFA-FB3D-4FF9-8306-B6A4C3BDD261}.Debug|Win32.Build.0 = Debug|Win32
		{EE329AFA-FB3D-4FF9-8306-B6A4C3BDD261}.Release|Win32.ActiveCfg = Release|Win32
		{EE329AFA-FB3D-4FF9-8306-B6A4C3BDD261}.Release|Win32.Build.0 = Release|Win32
		{AF028A68-7E71-4CFA-A4B0-EC7D13CA3208}.Debug|Win32.ActiveCfg = Debug|Win32
		{AF028A68-7E71-4CFA-A4B0-EC7D13CA3208}.Debug|Win32.Build.0 = Debug|Win32
		{AF028A68-7E71-4CFA-A4B0-EC7D13CA3208}.Release|Win32.ActiveCfg = Release|Win32
		{AF028A68-7E71-4CFA-A4B0-EC7D13CA3208}.Release|Win32.Build.0 = Release|Win32
		{9B6B855E-2A73-4DC7-8C87-A78E7EB28B18}.Debug|Win32.ActiveCfg = Debug|Win32
		{9B6B855E-2A73-4DC7-8C87-A78E7EB28B18}.Debug|Win32.Build.0 = Debug|Win32
		{9B6B855E-2A73-4DC7-8C87-A78E7EB28B18}.Release|Win32.ActiveCfg = Release|Win32
		{9B6B855E-2A73-4DC7-8C87-A78E7EB28B18}.Release|Win32.Build.0 = Release|Win32
		{84E5CBD3-93B8-42FE-B654-47ABE5CE902F}.Debug|Win32.ActiveCfg = Debug|Win32
		{84E5CBD3-93B8-42FE-B654-47ABE5CE902F}.Debug|Win32.Build.0 = Debug|Win32
		{84E5CBD3-93B8-42FE-B654-47ABE5CE902F}.Release|Win32.ActiveCfg = Release|Win32
		{84E5CBD3-93B8-42FE-B654-47ABE5CE902F}.Release|Win32.Build.0 = Release|Win32
		{F471D951-B21B-4740-8F29-4073D6FA0A42}.Debug|Win32.ActiveCfg = Debug|Win32
		{F471D951-B21B-4740-8F29-4073D6FA0A42}.Debug|Win32.Build.0 = Debug|Win32
		{F471D951-B21B-4740-8F29-4073D6FA0A42}.Release|Win32.ActiveCfg = Release|Win32
		{F471D951-B21B-4740-8F29-4073D6FA0A42}.Release|Win32.Build.0 = Release|Win32
		{1BED25E7-23F4-4DC5-BB72-9045304F05C5}.Debug|Win32.ActiveCfg = Debug|Win32
		{1BED25E7-23F4-4DC5-BB72-9045304F05C5}.Debug|Win32.Build.0 = Debug|Win32
		{1BED25E7-23F4-4DC5-BB72-9045304F05C5}.Release|Win32.ActiveCfg = Release|Win32
		{1BED25E7-23F4-4DC5-BB72-9045304F05C5}.Release|Win32.Build.0 = Release|Win32
		{1126E1C8-CED2-48CF-8259-122AAD21C226}.Debug|Win32.ActiveCfg = Debug|Win32
		{1126E1C8-CED2-48CF-8259-122AAD21C226}.Debug|Win32.Build.0 = Debug|Win32
		{1126E1C8-CED2-48CF-8259-122AAD21C226}.Release|Win32.ActiveCfg = Release|Win32
		{1126E1C8-CED2-48CF-8259-122AAD21C226}.Release|Win32.Build.0 = Release|Win32
		{734D8B15-181F-4C75-A570-A6F0086025DE}.Debug|Win32.ActiveCfg = Debug|Win32
		{734D8B15-181F-4C75-A570-A6F0086025DE}.Debug|Win32.Build.0 = Debug|Win32
		{734D8B15-181F-4C75-A570-A6F0086025DE}.Release|Win32.ActiveCfg = Release|Win32
		{734D8B15-181F-4C75-A570-A6F0086025DE}.Release|Win32.Build.0 = Release|Win32
		{4B2424E2-012E-4ECC-80AA-654B329B9096}.Debug|Win32.ActiveCfg = Debug|Win32
		{4B2424E2-012E-4ECC-80AA-654B329B9096}.Debug|Win32.Build.0 = Debug|Win32
		{4B2424E2-012E-4ECC-80AA-654B329B9096}.Release|Win32.ActiveCfg = Release|Win32
		{4B2424E2-012E-4ECC-80AA-654B329B9096}.Release|Win32.Build.0 = Release|Win32
		{F6A063CF-9AD7-4F1B-88C0-E7C8ADC433F0}.Debug|Win32.ActiveCfg = Debug|Win32
		{F6A063CF-9AD7-4F1B-88C0-E7C8ADC433F0}.Debug|Win32.Build.0 = Debug|Win32
		{F6A063CF-9AD7-4F1B-88C0-E7C8ADC433F0}.Release|Win32.ActiveCfg = Release|Win32
		{F6A063CF-9AD7-4F1B-88C0-E7C8ADC433F0}.Release|Win32.Build.0 = Release|Win32
		{BEEFE691-B361-4298-B850-9348C5E84A0B}.Debug|Win32.ActiveCfg = Debug|Win32
		{BEEFE691-B361-4298-B850-9348C5E84A0B}.Debug|Win32.Build.0 = Debug|Win32
		{BEEFE691-B361-4298-B850-9348C5E84A0B}.Release|Win32.ActiveCfg = Release|Win32
		{BEEFE691-B361-4298-B850-9348C5E84A0B}.Release|Win32.Build.0 = Release|Win32
		{CCC966E8-9F8A-4C36-B2DA-89EDBBB2BA3E}.Debug|Win32.ActiveCfg = Debug|Win32
		{CCC966E8-9F8A-4C36-B2DA-89EDBBB2BA3E}.Debug|Win32.Build.0 = Debug|Win32
		{CCC966E8-9F8A-4C36-B2DA-89EDBBB2BA3E}.Release|Win32.ActiveCfg = Release|Win32
		{CCC966E8-9F8A-4C36-B2DA-89EDBBB2BA3E}.Release|Win32.Build.0 = Release|Win32
		{BBAFB034-71B9-4480-A346-BDC2C3F93AFD}.Debug|Win32.ActiveCfg = Debug|Win32
		{BBAFB034-71B9-4480-A346-BDC2C3F93AFD}.Debug|Win32.Build.0 = Debug|Win32
		{BBAFB034-71B9-4480-A346-BDC2C3F93AFD}.Release|Win32.ActiveCfg = Release|Win32
		{BBAFB034-71B9-4480-A346-BDC2C3F93AFD}.Release|Win32.Build.0 = Release|Win32
		{56DA7A51-973C-40D8-A535-2D7DDD5EBB20}.Debug|Win32.ActiveCfg = Debug|Win32
		{56DA7A51-973C-40D8-A535-2D7DDD5EBB20}.Debug|Win32.Build.0 = Debug|Win32
		{56DA7A51-973C-40D8-A535-2D7DDD5EBB20}.Release|Win32.ActiveCfg = Release|Win32
		{56DA7A51-973C-40D8-A535-2D7DDD5EBB20}.Release|Win32.Build.0 = Release|Win32
		{E38235A7-6509-4432-BD76-78A83101C349}.Debug|Win32.ActiveCfg = Debug|Win32
		{E38235A7-6509-4432-BD76-78A83101C349}.Debug|Win32.Build.0 = Debug|Win32
		{E38235A7-6509-4432-BD76-78A83101C349}.Release|Win32.ActiveCfg = Release|Win32
		{E38235A7-6509-4432-BD76-78A83101C349}.Release|Win32.Build.0 = Release|Win32
		{E91AA0DB-4863-4984-AF75-B6F59A01EDF9}.Debug|Win32.ActiveCfg = Debug|Win32
		{E91AA0DB-4863-4984-AF75-B6F59A01EDF9}.Debug|Win32.Build.0 = Debug|Win32
		{E91AA0DB-4863-4984-AF75-B6F59A01EDF9}.Release|Win32.ActiveCfg = Release|Win32
		{E91AA0DB-4863-4984-AF75-B6F59A01EDF9}.Release|Win32.Build.0 = Release|Win32
		{593EAFE2-8C99-4604-B2F3-C1537D6566B4}.Debug|Win32.ActiveCfg = Debug|Win32
		{593EAFE2-8C99-4604-B2F3-C1537D6566B4}.Debug|Win32.Build.0 = Debug|Win32
		{593EAFE2-8C99-4604-B2F3-C1537D6566B4}.Release|Win32.ActiveCfg = Release|Win32
		{593EAFE2-8C99-4604-B2F3-C1537D6566B4}.Release|Win32.Build.0 = Release|Win32
		{49114E9C-7232-4ED4-826E-DE54493A6BC8}.Debug|Win32.ActiveCfg = Debug|Win32
		{49114E9C-7232-4ED4-826E-DE54493A6BC8}.Debug|Win32.Build.0 = Debug|Win32
		{49114E9C-7232-4ED4-826E-DE54493A6BC8}.Release|Win32.ActiveCfg = Release|Win32
		{49114E9C-7232-4ED4-826E-DE54493A6BC8}.Release|Win32.Build.0 = Release|Win32
		{913A67D0-07A8-4271-AA84-A254F7167E51}.Debug|Win32.ActiveCfg = Debug|Win32
		{913A67D0-07A8-4271-AA84-A254F7167E51}.Debug|Win32.Build.0 = Debug|Win32
		{913A67D0-07A8-4271-AA84-A254F7167E51}.Release|Win32.ActiveCfg = Release|Win32
		{913A67D0-07A8-4271-AA84-A254F7167E51}.Release|Win32.Build.0 = Release|Win32
		{6A7B1EC6-795E-4BAE-8B42-8D218B6F752B}.Debug|Win32.ActiveCfg = Debug|Win32
		{6A7B1EC6-795E-4BAE-8B42-8D218B6F752B}.Debug|Win32.Build.0 = Debug|Win32
		{6A7B1EC6-795E-4BAE-8B42-8D218B6F752B}.Release|Win32.ActiveCfg = Release|Win32
		{6A7B1EC6-795E-4BAE-8B42-8D218B6F752B}.Release|Win32.Build.0 = Release|Win32
		{3588B117-2E9C-4B69-AFF1-09170B2C54A9}.Debug|Win32.ActiveCfg = Debug|Win32
		{3588B117-2E9C-4B69-AFF1-09170B2C54A9}.Debug|Win32.Build.0 = Debug|Win32
		{3588B117-2E9C-4B69-AFF1-09170B2C54A9}.Release|Win32.ActiveCfg = Release|Win32
		{3588B117-2E9C-4B69-AFF1-09170B2C54A9}.Release|Win32.Build.0 = Release|Win32
		{6DC07689-98C3-4487-B988-966B98766162}.Debug|Win32.ActiveCfg = Debug|Win32
		{6DC07689-98C3-4487-B988-966B98766162}.Debug|Win32.Build.0 = Debug|Win32
		{6DC07689-98C3-4487-B988-966B98766162}.Release|Win32.ActiveCfg = Release|Win32
		{6DC07689-98C3-4487-B988-966B98766162}.Release|Win32.Build.0 = Release|Win32
		{0027C6B6-1602-483B-9AD1-81180F085039}.Debug|Win32.ActiveCfg = Debug|Win32
		{0027C6B6-1602-483B-9AD1-81180F085039}.Debug|Win32.Build.0 = Debug|Win32
		{0027C6B6-1602-483B-9AD1-81180F085039}.Release|Win32.ActiveCfg = Release|Win32
		{0027C6B6-1602-483B-9AD1-81180F085039}.Release|Win32.Build.0 = Release|Win32
		{16D5A808-495A-4810-BCE6-3DA623D42FB7}.Debug|Win32.ActiveCfg = Debug|Win32
		{16D5A808-495A-4810-BCE6-3DA623D42FB7}.Debug|Win32.Build.0 = Debug|Win32
		{16D5A808-495A-4810-BCE6-3DA623D42FB7}.Release|Win32.ActiveCfg = Release|Win32
		{16D5A808-495A-4810-BCE6-3DA623D42FB7}.Release|Win32.Build.0 = Release|Win32
		{E297E5C6-7DD6-4F3C-840C-2E42E4C15F70}.Debug|Win32.ActiveCfg = Debug|Win32
		{E297E5C6-7DD6-4F3C-840C-2E42E4C15F70}.Debug|Win32.Build.0 = Debug|Win32
		{E297E5C6-7DD6-4F3C-840C-2E42E4C15F70}.Release|Win32.ActiveCfg = Release|Win32
		{E297E5C6-7DD6-4F3C-840C-2E42E4C15F70}.Release|Win32.Build.0 = Release|Win32
		{3C6FDE6E-1829-4F42-AC1C-76FEA052DBDD}.Debug|Win32.ActiveCfg = Debug|Win32
		{3C6FDE6E-1829-4F42-AC1C-76FEA052DBDD}.Debug|Win32.Build.0 = Debug|Win32
		{3C6FDE6E-1829-4F42-AC1C-76FEA052DBDD}.Release|Win32.ActiveCfg = Release|Win32
		{3C6FDE6E-1829-4F42-AC1C-76FEA052DBDD}.Release|Win32.Build.0 = Release|Win32
		{51900FF0-B4D2-4E47-A787-F7779AF85A5F}.Debug|Win32.ActiveCfg = Debug|Win32
		{51900FF0-B4D2-4E47-A787-F7779AF85A5F}.Debug|Win32.Build.0 = Debug|Win32
		{51900FF0-B4D2-4E47-A787-F7779AF85A5F}.Release|Win32.ActiveCfg = Release|Win32
		{51900FF0-B4D2-4E47-A787-F7779AF85A5F}.Release|Win32.Build.0 = Release|Win32
		{A22A9733-70C7-4E40-A9A4-D1D5FCC527AF}.Debug|Win32.ActiveCfg = Debug|Win32
		{A22A9733-70C7-4E40-A9A4-D1D5FCC527AF}.Debug|Win32.Build.0 = Debug|Win32
		{A22A9733-70C7-4E40-A9A4-D1D5FCC527AF}.Release|Win32.ActiveCfg = Release|Win32
		{A22A9733-70C7-4E40-A9A4-D1D5FCC527AF}.Release|Win32.Build.0 = Release|Win32
		{EC14FEF0-6C80-41A5-868E-BF5E6AFD153E}.Debug|Win32.ActiveCfg = Debug|Win32
		{EC14FEF0-6C80-41A5-868E-BF5E6AFD153E}.Debug|Win32.Build.0 = Debug|Win32
		{EC14FEF0-6C80-41A5-868E-BF5E6AFD153E}.Release|Win32.ActiveCfg = Release|Win32
		{EC14FEF0-6C80-41A5-868E-BF5E6AFD153E}.Release|Win32.Build.0 = Release|Win32
		{D7E2F053-58BE-4FBB-B839-18D12C450B1D}.Debug|Win32.ActiveCfg = Debug|Win32
		{D7E2F053-58BE-4FBB-B839-18D12C450B1D}.Debug|Win32.Build.0 = Debug|Win32
		{D7E2F053-58BE-4FBB-B839-18D12C450B1D}.Release|Win32.ActiveCfg = Release|Win32
		{D7E2F053-58BE-4FBB-B839-18D12C450B1D}.Release|Win32.Build.0 = Release|Win32
		{CD967F69-9E08-4ACC-959F-910F72734EC6}.Debug|Win32.ActiveCfg = Debug|Win32
		{CD967F69-9E08-4ACC-959F-910F72734EC6}.Debug|Win32.Build.0 = Debug|Win32
		{CD967F69-9E08-4ACC-959F-910F72734EC6}.Release|Win32.ActiveCfg = Release|Win32
		{CD967F69-9E08-4ACC-959F-910F72734EC6}.Release|Win32.Build.0 = Release|Win32
		{39E394CC-10F8-49C6-B3C0-35CD8A2A6911}.Debug|Win32.ActiveCfg = Debug|Win32
		{39E394CC-10F8-49C6-B3C0-35CD8A2A6911}.Debug|Win32.Build.0 = Debug|Win32
		{39E394CC-10F8-49C6-B3C0-35CD8A2A6911}.Release|Win32.ActiveCfg = Release|Win32
		{39E394CC-10F8-49C6-B3C0-35CD8A2A6911}.Release|Win32.Build.0 = Release|Win32
		{D7925676-595C-44A3-8B07-836BF61AF95B}.Debug|Win32.ActiveCfg = Debug|Win32
		{D7925676-595C-44A3-8B07-836BF61AF95B}.Debug|Win32.Build.0 = Debug|Win32
		{D7925676-595C-44A3-8B07-836BF61AF95B}.Release|Win32.ActiveCfg = Release|Win32
		{D7925676-595C-44A3-8B07-836BF61AF95B}.Release|Win32.Build.0 = Release|Win32
		{9A51733D-4B2A-4EB5-B7DD-137A2D70C3C2}.Debug|Win32.ActiveCfg = Debug|Win32
		{9A51733D-4B2A-4EB5-B7DD-137A2D70C3C2}.Debug|Win32.Build.0 = Debug|Win32
		{9A51733D-4B2A-4EB5-B7DD-137A2D70C3C2}.Release|Win32.ActiveCfg = Release|Win32
		{9A51733D-4B2A-4EB5-B7DD-137A2D70C3C2}.Release|Win32.Build.0 = Release|Win32
		{5D10C4BD-B703-44EE-958C-E7CAE97D5A0D}.Debug|Win32.ActiveCfg = Debug|Win32
		{5D10C4BD-B703-44EE-958C-E7CAE97D5A0D}.Debug|Win32.Build.0 = Debug|Win32
		{5D10C4BD-B703-44EE-958C-E7CAE97D5A0D}.Release|Win32.ActiveCfg = Release|Win32
		{5D10C4BD-B703-44EE-958C-E7CAE97D5A0D}.Release|Win32.Build.0 = Release|Win32
		{951C03B7-DFD9-4BF6-BA97-C53DC928EC69}.Debug|Win32.ActiveCfg = Debug|Win32
		{951C03B7-DFD9-4BF6-BA97-C53DC928EC69}.Debug|Win32.Build.0 = Debug|Win32
		{951C03B7-DFD9-4BF6-BA97-C53DC928EC69}.Release|Win32.ActiveCfg = Release|Win32
		{951C03B7-DFD9-4BF6-BA97-C53DC928EC69}.Release|Win32.Build.0 = Release|Win32
		{1B0671DB-4E87-484B-A7CD-7934637ACC86}.Debug|Win32.ActiveCfg = Debug|Win32
		{1B0671DB-4E87-484B-A7CD-7934637ACC86}.Debug|Win32.Build.0 = Debug|Win32
		{1B0671DB-4E87-484B-A7CD-7934637ACC86}.Release|Win32.ActiveCfg = Release|Win32
		{1B0671DB-4E87-484B-A7CD-7934637ACC86}.Release|Win32.Build.0 = Release|Win32
		{4C2C0911-2C46-4544-87AB-8499A3C5469D}.Debug|Win32.ActiveCfg = Debug|Win32
		{4C2C0911-2C46-4544-87AB-8499A3C5469D}.Debug|Win32.Build.0 = Debug|Win32
		{4C2C0911-2C46-4544-87AB-8499A3C5469D}.Release|Win32.ActiveCfg = Release|Win32
		{4C2C0911-2C46-4544-87AB-8499A3C5469D}.Release|Win32.Build.0 = Release|Win32
		{B589DE4E-5A39-40EF-83CD-509D605B08F8}.Debug|Win32.ActiveCfg = Debug|Win32
		{B589DE4E-5A39-40EF-83CD-509D605B08F8}.Debug|Win32.Build.0 = Debug|Win32
		{B589DE4E-5A39-40EF-83CD-509D605B08F8}.Release|Win32.ActiveCfg = Release|Win32
		{B589DE4E-5A39-40EF-83CD-509D605B08F8}.Release|Win32.Build.0 = Release|Win32
		{34AFC592-E499-47C6-A35D-0794320F4B87}.Debug|Win32.ActiveCfg = Debug|Win32
		{34AFC592-E499-47C6-A35D-0794320F4B87}.Debug|Win32.Build.0 = Debug|Win32
		{34AFC592-E499-47C6-A35D-0794320F4B87}.Release|Win32.ActiveCfg = Release|Win32
		{34AFC592-E499-47C6-A35D-0794320F4B87}.Release|Win32.Build.0 = Release|Win32
		{D8852C5A-7051-416E-BF79-7189E6220E66}.Debug|Win32.ActiveCfg = Debug|Win32
		{D8852C5A-7051-416E-BF79-7189E6220E66}.Debug|Win32.Build.0 = Debug|Win32
		{D8852C5A-7051-416E-BF79-7189E6220E66}.Release|Win32.ActiveCfg = Release|Win32
		{D8852C5A-7051-416E-BF79-7189E6220E66}.Release|Win32.Build.0 = Release|Win32
		{194CF999-375B-4256-8D30-E6E1F5836D63}.Debug|Win32.ActiveCfg = Debug|Win32
		{194CF999-375B-4256-8D30-E6E1F5836D63}.Debug|Win32.Build.0 = Debug|Win32
		{194CF999-375B-4256-8D30-E6E1F5836D63}.Release|Win32.ActiveCfg = Release|Win32
		{194CF999-375B-4256-8D30-E6E1F5836D63}.Release|Win32.Build.0 = Release|Win32
		{1547FC6B-A2DA-4F46-9AAB-BC1F96361C4A}.Debug|Win32.ActiveCfg = Debug|Win32
		{1547FC6B-A2DA-4F46-9AAB-BC1F96361C4A}.Debug|Win32.Build.0 = Debug|Win32
		{1547FC6B-A2DA-4F46-9AAB-BC1F96361C4A}.Release|Win32.ActiveCfg = Release|Win32
		{1547FC6B-A2DA-4F46-9AAB-BC1F96361C4A}.Release|Win32.Build.0 = Release|Win32
		{2BF57A29-C564-4F65-A68C-3485BBF1147B}.Debug|Win32.ActiveCfg = Debug|Win32
		{2BF57A29-C564-4F65-A68C-3485BBF1147B}.Debug|Win32.Build.0 = Debug|Win32
		{2BF57A29-C564-4F65-A68C-3485BBF1147B}.Release|Win32.ActiveCfg = Release|Win32
		{2BF57A29-C564-4F65-A68C-3485BBF1147B}.Release|Win32.Build.0 = Release|Win32
		{C359C338-0C2B-4105-A7C5-2FF6CB6CDBD4}.Debug|Win32.ActiveCfg = Debug|Win32
		{C359C338-0C2B-4105-A7C5-2FF6CB6CDBD4}.Debug|Win32.Build.0 = Debug|Win32
		{C359C338-0C2B-4105-A7C5-2FF6CB6CDBD4}.Release|Win32.ActiveCfg = Release|Win32
		{C359C338-0C2B-4105-A7C5-2FF6CB6CDBD4}.Release|Win32.Build.0 = Release|Win32
		{8CCD5519-D1E6-454E-BBDA-B59F0DC2280E}.Debug|Win32.ActiveCfg = Debug|Win32
		{8CCD5519-D1E6-454E-BBDA-B59F0DC2280E}.Debug|Win32.Build.0 = Debug|Win32
		{8CCD5519-D1E6-454E-BBDA-B59F0DC2280E}.Release|Win32.ActiveCfg = Release|Win32
		{8CCD5519-D1E6-454E-BBDA-B59F0DC2280E}.Release|Win32.Build.0 = Release|Win32
	EndGlobalSection
	GlobalSection(SolutionProperties) = preSolution
		HideSolutionNode = FALSE
	EndGlobalSection
EndGlobal
